<?xml version="1.0" encoding="UTF-8"?>
<Project ToolsVersion="15.0" xmlns="http://schemas.microsoft.com/developer/msbuild/2003">
  <ItemGroup>
    <ClCompile Include="C:\Users\Egidijus Lileika\Desktop\DW\DirectoryWatcher\DirectoryWatcher\DirectoryWatcher.cpp">
      <Filter>Source Files</Filter>
    </ClCompile>
    <ClCompile Include="C:\Users\Egidijus Lileika\Desktop\DW\DirectoryWatcher\DirectoryWatcher\CancelationToken.cpp">
      <Filter>Source Files</Filter>
    </ClCompile>
  </ItemGroup>
  <ItemGroup>
    <ClInclude Include="C:\Users\Egidijus Lileika\Desktop\DW\DirectoryWatcher\DirectoryWatcher\DirectoryWatcher.h">
      <Filter>Header Files</Filter>
    </ClInclude>
    <ClInclude Include="C:\Users\Egidijus Lileika\Desktop\DW\DirectoryWatcher\DirectoryWatcher\CancelationToken.h">
      <Filter>Header Files</Filter>
    </ClInclude>
  </ItemGroup>
  <ItemGroup>
    <CustomBuild Include="C:\Users\Egidijus Lileika\Desktop\DW\DirectoryWatcher\DirectoryWatcher\CMakeLists.txt" />
  </ItemGroup>
  <ItemGroup>
    <Filter Include="Source Files">
      <UniqueIdentifier>{A5433E8F-F2B1-3FF0-9886-64EB70F00680}</UniqueIdentifier>
    </Filter>
    <Filter Include="Header Files">
      <UniqueIdentifier>{CD72D66D-6EFD-39EC-988B-ED4EA5F0C511}</UniqueIdentifier>
    </Filter>
  </ItemGroup>
</Project>
